
Microsoft Visual Studio Solution File, Format Version 12.00
# Visual Studio Version 17
VisualStudioVersion = 17.0.31903.59
MinimumVisualStudioVersion = 10.0.40219.1
Project("{FAE04EC0-301F-11D3-BF4B-00C04F79EFBC}") = "MttApplication", "MttApplication\MttApplication.csproj", "{2170B3B7-E2B6-439F-97F3-6647AD2BFD7B}"
EndProject
Project("{FAE04EC0-301F-11D3-BF4B-00C04F79EFBC}") = "MttTests", "MttTests\MttTests.csproj", "{B979F078-7FF9-4724-AAAD-7C7322C0DB75}"
EndProject
Project("{FAE04EC0-301F-11D3-BF4B-00C04F79EFBC}") = "MttPersistence", "MttPersistence\MttPersistence.csproj", "{12CB9BE1-5B44-496C-95C4-9D5EB5E6AF52}"
EndProject
Project("{FAE04EC0-301F-11D3-BF4B-00C04F79EFBC}") = "MttPersistenceIntegrationTests", "MttPersistenceIntegrationTests\MttPersistenceIntegrationTests.csproj", "{9D51E3BD-B43A-4FD3-BD19-7DC0C2998EDC}"
EndProject
Global
	GlobalSection(SolutionConfigurationPlatforms) = preSolution
		Debug|Any CPU = Debug|Any CPU
		Release|Any CPU = Release|Any CPU
	EndGlobalSection
	GlobalSection(SolutionProperties) = preSolution
		HideSolutionNode = FALSE
	EndGlobalSection
	GlobalSection(ProjectConfigurationPlatforms) = postSolution
		{2170B3B7-E2B6-439F-97F3-6647AD2BFD7B}.Debug|Any CPU.ActiveCfg = Debug|Any CPU
		{2170B3B7-E2B6-439F-97F3-6647AD2BFD7B}.Debug|Any CPU.Build.0 = Debug|Any CPU
		{2170B3B7-E2B6-439F-97F3-6647AD2BFD7B}.Release|Any CPU.ActiveCfg = Release|Any CPU
		{2170B3B7-E2B6-439F-97F3-6647AD2BFD7B}.Release|Any CPU.Build.0 = Release|Any CPU
		{B979F078-7FF9-4724-AAAD-7C7322C0DB75}.Debug|Any CPU.ActiveCfg = Debug|Any CPU
		{B979F078-7FF9-4724-AAAD-7C7322C0DB75}.Debug|Any CPU.Build.0 = Debug|Any CPU
		{B979F078-7FF9-4724-AAAD-7C7322C0DB75}.Release|Any CPU.ActiveCfg = Release|Any CPU
		{B979F078-7FF9-4724-AAAD-7C7322C0DB75}.Release|Any CPU.Build.0 = Release|Any CPU
		{12CB9BE1-5B44-496C-95C4-9D5EB5E6AF52}.Debug|Any CPU.ActiveCfg = Debug|Any CPU
		{12CB9BE1-5B44-496C-95C4-9D5EB5E6AF52}.Debug|Any CPU.Build.0 = Debug|Any CPU
		{12CB9BE1-5B44-496C-95C4-9D5EB5E6AF52}.Release|Any CPU.ActiveCfg = Release|Any CPU
		{12CB9BE1-5B44-496C-95C4-9D5EB5E6AF52}.Release|Any CPU.Build.0 = Release|Any CPU
		{9D51E3BD-B43A-4FD3-BD19-7DC0C2998EDC}.Debug|Any CPU.ActiveCfg = Debug|Any CPU
		{9D51E3BD-B43A-4FD3-BD19-7DC0C2998EDC}.Debug|Any CPU.Build.0 = Debug|Any CPU
		{9D51E3BD-B43A-4FD3-BD19-7DC0C2998EDC}.Release|Any CPU.ActiveCfg = Release|Any CPU
		{9D51E3BD-B43A-4FD3-BD19-7DC0C2998EDC}.Release|Any CPU.Build.0 = Release|Any CPU
	EndGlobalSection
EndGlobal
