
Microsoft Visual Studio Solution File, Format Version 12.00
# Visual Studio Version 17
VisualStudioVersion = 17.0.31903.59
MinimumVisualStudioVersion = 10.0.40219.1
Project("{FAE04EC0-301F-11D3-BF4B-00C04F79EFBC}") = "MttApplication", "MttApplication\MttApplication.csproj", "{2170B3B7-E2B6-439F-97F3-6647AD2BFD7B}"
EndProject
Project("{FAE04EC0-301F-11D3-BF4B-00C04F79EFBC}") = "MttTests", "MttTests\MttTests.csproj", "{B979F078-7FF9-4724-AAAD-7C7322C0DB75}"
EndProject
Project("{FAE04EC0-301F-11D3-BF4B-00C04F79EFBC}") = "MttPersistenceIntegrationTests", "MttPersistenceIntegrationTests\MttPersistenceIntegrationTests.csproj", "{9D51E3BD-B43A-4FD3-BD19-7DC0C2998EDC}"
EndProject
Project("{FAE04EC0-301F-11D3-BF4B-00C04F79EFBC}") = "MttInfra", "MttInfra\MttInfra.csproj", "{C55ED997-3340-4FC2-AE29-DBE94D04EA46}"
EndProject
Project("{FAE04EC0-301F-11D3-BF4B-00C04F79EFBC}") = "MttSqsTests", "MttSqsTests\MttSqsTests.csproj", "{9B0C3A76-00E8-4033-B739-E716F31D9F38}"
EndProject
Project("{FAE04EC0-301F-11D3-BF4B-00C04F79EFBC}") = "MttApi", "MttApi\src\MttApi\MttApi.csproj", "{B692C20F-9E97-4A13-8518-71968BBD73B1}"
EndProject
Project("{FAE04EC0-301F-11D3-BF4B-00C04F79EFBC}") = "MttDeployTopology", "MttDeployTopology\MttDeployTopology.csproj", "{318F05FC-E137-482D-8C16-361209C536DB}"
EndProject
Project("{FAE04EC0-301F-11D3-BF4B-00C04F79EFBC}") = "MttBackend", "MttBackend\src\MttBackend\MttBackend.csproj", "{C4AB05AE-4CFD-4907-86C9-BB71145A0134}"
EndProject
Global
	GlobalSection(SolutionConfigurationPlatforms) = preSolution
		Debug|Any CPU = Debug|Any CPU
		Release|Any CPU = Release|Any CPU
	EndGlobalSection
	GlobalSection(SolutionProperties) = preSolution
		HideSolutionNode = FALSE
	EndGlobalSection
	GlobalSection(ProjectConfigurationPlatforms) = postSolution
		{2170B3B7-E2B6-439F-97F3-6647AD2BFD7B}.Debug|Any CPU.ActiveCfg = Debug|Any CPU
		{2170B3B7-E2B6-439F-97F3-6647AD2BFD7B}.Debug|Any CPU.Build.0 = Debug|Any CPU
		{2170B3B7-E2B6-439F-97F3-6647AD2BFD7B}.Release|Any CPU.ActiveCfg = Release|Any CPU
		{2170B3B7-E2B6-439F-97F3-6647AD2BFD7B}.Release|Any CPU.Build.0 = Release|Any CPU
		{B979F078-7FF9-4724-AAAD-7C7322C0DB75}.Debug|Any CPU.ActiveCfg = Debug|Any CPU
		{B979F078-7FF9-4724-AAAD-7C7322C0DB75}.Debug|Any CPU.Build.0 = Debug|Any CPU
		{B979F078-7FF9-4724-AAAD-7C7322C0DB75}.Release|Any CPU.ActiveCfg = Release|Any CPU
		{B979F078-7FF9-4724-AAAD-7C7322C0DB75}.Release|Any CPU.Build.0 = Release|Any CPU
		{9D51E3BD-B43A-4FD3-BD19-7DC0C2998EDC}.Debug|Any CPU.ActiveCfg = Debug|Any CPU
		{9D51E3BD-B43A-4FD3-BD19-7DC0C2998EDC}.Debug|Any CPU.Build.0 = Debug|Any CPU
		{9D51E3BD-B43A-4FD3-BD19-7DC0C2998EDC}.Release|Any CPU.ActiveCfg = Release|Any CPU
		{9D51E3BD-B43A-4FD3-BD19-7DC0C2998EDC}.Release|Any CPU.Build.0 = Release|Any CPU
		{C55ED997-3340-4FC2-AE29-DBE94D04EA46}.Debug|Any CPU.ActiveCfg = Debug|Any CPU
		{C55ED997-3340-4FC2-AE29-DBE94D04EA46}.Debug|Any CPU.Build.0 = Debug|Any CPU
		{C55ED997-3340-4FC2-AE29-DBE94D04EA46}.Release|Any CPU.ActiveCfg = Release|Any CPU
		{C55ED997-3340-4FC2-AE29-DBE94D04EA46}.Release|Any CPU.Build.0 = Release|Any CPU
		{9B0C3A76-00E8-4033-B739-E716F31D9F38}.Debug|Any CPU.ActiveCfg = Debug|Any CPU
		{9B0C3A76-00E8-4033-B739-E716F31D9F38}.Debug|Any CPU.Build.0 = Debug|Any CPU
		{9B0C3A76-00E8-4033-B739-E716F31D9F38}.Release|Any CPU.ActiveCfg = Release|Any CPU
		{9B0C3A76-00E8-4033-B739-E716F31D9F38}.Release|Any CPU.Build.0 = Release|Any CPU
		{B692C20F-9E97-4A13-8518-71968BBD73B1}.Debug|Any CPU.ActiveCfg = Debug|Any CPU
		{B692C20F-9E97-4A13-8518-71968BBD73B1}.Debug|Any CPU.Build.0 = Debug|Any CPU
		{B692C20F-9E97-4A13-8518-71968BBD73B1}.Release|Any CPU.ActiveCfg = Release|Any CPU
		{B692C20F-9E97-4A13-8518-71968BBD73B1}.Release|Any CPU.Build.0 = Release|Any CPU
		{318F05FC-E137-482D-8C16-361209C536DB}.Debug|Any CPU.ActiveCfg = Debug|Any CPU
		{318F05FC-E137-482D-8C16-361209C536DB}.Debug|Any CPU.Build.0 = Debug|Any CPU
		{318F05FC-E137-482D-8C16-361209C536DB}.Release|Any CPU.ActiveCfg = Release|Any CPU
		{318F05FC-E137-482D-8C16-361209C536DB}.Release|Any CPU.Build.0 = Release|Any CPU
		{C4AB05AE-4CFD-4907-86C9-BB71145A0134}.Debug|Any CPU.ActiveCfg = Debug|Any CPU
		{C4AB05AE-4CFD-4907-86C9-BB71145A0134}.Debug|Any CPU.Build.0 = Debug|Any CPU
		{C4AB05AE-4CFD-4907-86C9-BB71145A0134}.Release|Any CPU.ActiveCfg = Release|Any CPU
		{C4AB05AE-4CFD-4907-86C9-BB71145A0134}.Release|Any CPU.Build.0 = Release|Any CPU
	EndGlobalSection
EndGlobal
